// !$*UTF8*$!
{
	archiveVersion = 1;
	classes = {
	};
	objectVersion = 46;
	objects = {

/* Begin PBXBuildFile section */
		5143DBE51DA0DF7F0055BE3E /* AppDelegate.swift in Sources */ = {isa = PBXBuildFile; fileRef = 5143DBE41DA0DF7F0055BE3E /* AppDelegate.swift */; };
		5143DBE71DA0DF7F0055BE3E /* ViewController.swift in Sources */ = {isa = PBXBuildFile; fileRef = 5143DBE61DA0DF7F0055BE3E /* ViewController.swift */; };
		5143DBEA1DA0DF7F0055BE3E /* Main.storyboard in Resources */ = {isa = PBXBuildFile; fileRef = 5143DBE81DA0DF7F0055BE3E /* Main.storyboard */; };
		5143DBEC1DA0DF7F0055BE3E /* Assets.xcassets in Resources */ = {isa = PBXBuildFile; fileRef = 5143DBEB1DA0DF7F0055BE3E /* Assets.xcassets */; };
		5143DBEF1DA0DF7F0055BE3E /* LaunchScreen.storyboard in Resources */ = {isa = PBXBuildFile; fileRef = 5143DBED1DA0DF7F0055BE3E /* LaunchScreen.storyboard */; };
/* End PBXBuildFile section */

/* Begin PBXFileReference section */
		5143DBE11DA0DF7F0055BE3E /* WeiboSwift.app */ = {isa = PBXFileReference; explicitFileType = wrapper.application; includeInIndex = 0; path = WeiboSwift.app; sourceTree = BUILT_PRODUCTS_DIR; };
		5143DBE41DA0DF7F0055BE3E /* AppDelegate.swift */ = {isa = PBXFileReference; lastKnownFileType = sourcecode.swift; path = AppDelegate.swift; sourceTree = "<group>"; };
		5143DBE61DA0DF7F0055BE3E /* ViewController.swift */ = {isa = PBXFileReference; lastKnownFileType = sourcecode.swift; path = ViewController.swift; sourceTree = "<group>"; };
		5143DBE91DA0DF7F0055BE3E /* Base */ = {isa = PBXFileReference; lastKnownFileType = file.storyboard; name = Base; path = Base.lproj/Main.storyboard; sourceTree = "<group>"; };
		5143DBEB1DA0DF7F0055BE3E /* Assets.xcassets */ = {isa = PBXFileReference; lastKnownFileType = folder.assetcatalog; path = Assets.xcassets; sourceTree = "<group>"; };
		5143DBEE1DA0DF7F0055BE3E /* Base */ = {isa = PBXFileReference; lastKnownFileType = file.storyboard; name = Base; path = Base.lproj/LaunchScreen.storyboard; sourceTree = "<group>"; };
		5143DBF01DA0DF7F0055BE3E /* Info.plist */ = {isa = PBXFileReference; lastKnownFileType = text.plist.xml; path = Info.plist; sourceTree = "<group>"; };
/* End PBXFileReference section */

/* Begin PBXFrameworksBuildPhase section */
		5143DBDE1DA0DF7F0055BE3E /* Frameworks */ = {
			isa = PBXFrameworksBuildPhase;
			buildActionMask = 2147483647;
			files = (
			);
			runOnlyForDeploymentPostprocessing = 0;
		};
/* End PBXFrameworksBuildPhase section */

/* Begin PBXGroup section */
		5143DBD81DA0DF7F0055BE3E = {
			isa = PBXGroup;
			children = (
				5143DBE31DA0DF7F0055BE3E /* WeiboSwift */,
				5143DBE21DA0DF7F0055BE3E /* Products */,
			);
			sourceTree = "<group>";
		};
		5143DBE21DA0DF7F0055BE3E /* Products */ = {
			isa = PBXGroup;
			children = (
				5143DBE11DA0DF7F0055BE3E /* WeiboSwift.app */,
			);
			name = Products;
			sourceTree = "<group>";
		};
		5143DBE31DA0DF7F0055BE3E /* WeiboSwift */ = {
			isa = PBXGroup;
			children = (
				5143DBE41DA0DF7F0055BE3E /* AppDelegate.swift */,
				5143DBE61DA0DF7F0055BE3E /* ViewController.swift */,
				5143DBE81DA0DF7F0055BE3E /* Main.storyboard */,
				5143DBEB1DA0DF7F0055BE3E /* Assets.xcassets */,
				5143DBED1DA0DF7F0055BE3E /* LaunchScreen.storyboard */,
				5143DBF01DA0DF7F0055BE3E /* Info.plist */,
			);
			path = WeiboSwift;
			sourceTree = "<group>";
		};
/* End PBXGroup section */

/* Begin PBXNativeTarget section */
		5143DBE01DA0DF7F0055BE3E /* WeiboSwift */ = {
			isa = PBXNativeTarget;
			buildConfigurationList = 5143DBF31DA0DF7F0055BE3E /* Build configuration list for PBXNativeTarget "WeiboSwift" */;
			buildPhases = (
				5143DBDD1DA0DF7F0055BE3E /* Sources */,
				5143DBDE1DA0DF7F0055BE3E /* Frameworks */,
				5143DBDF1DA0DF7F0055BE3E /* Resources */,
			);
			buildRules = (
			);
			dependencies = (
			);
			name = WeiboSwift;
			productName = WeiboSwift;
			productReference = 5143DBE11DA0DF7F0055BE3E /* WeiboSwift.app */;
			productType = "com.apple.product-type.application";
		};
/* End PBXNativeTarget section */

/* Begin PBXProject section */
		5143DBD91DA0DF7F0055BE3E /* Project object */ = {
			isa = PBXProject;
			attributes = {
				LastSwiftUpdateCheck = 0810;
				LastUpgradeCheck = 0810;
				ORGANIZATIONNAME = fenglin;
				TargetAttributes = {
					5143DBE01DA0DF7F0055BE3E = {
						CreatedOnToolsVersion = 8.1;
						ProvisioningStyle = Automatic;
					};
				};
			};
			buildConfigurationList = 5143DBDC1DA0DF7F0055BE3E /* Build configuration list for PBXProject "WeiboSwift" */;
			compatibilityVersion = "Xcode 3.2";
			developmentRegion = English;
			hasScannedForEncodings = 0;
			knownRegions = (
				en,
				Base,
			);
			mainGroup = 5143DBD81DA0DF7F0055BE3E;
			productRefGroup = 5143DBE21DA0DF7F0055BE3E /* Products */;
			projectDirPath = "";
			projectRoot = "";
			targets = (
				5143DBE01DA0DF7F0055BE3E /* WeiboSwift */,
			);
		};
/* End PBXProject section */

/* Begin PBXResourcesBuildPhase section */
		5143DBDF1DA0DF7F0055BE3E /* Resources */ = {
			isa = PBXResourcesBuildPhase;
			buildActionMask = 2147483647;
			files = (
				5143DBEF1DA0DF7F0055BE3E /* LaunchScreen.storyboard in Resources */,
				5143DBEC1DA0DF7F0055BE3E /* Assets.xcassets in Resources */,
				5143DBEA1DA0DF7F0055BE3E /* Main.storyboard in Resources */,
			);
			runOnlyForDeploymentPostprocessing = 0;
		};
/* End PBXResourcesBuildPhase section */

/* Begin PBXSourcesBuildPhase section */
		5143DBDD1DA0DF7F0055BE3E /* Sources */ = {
			isa = PBXSourcesBuildPhase;
			buildActionMask = 2147483647;
			files = (
				5143DBE71DA0DF7F0055BE3E /* ViewController.swift in Sources */,
				5143DBE51DA0DF7F0055BE3E /* AppDelegate.swift in Sources */,
			);
			runOnlyForDeploymentPostprocessing = 0;
		};
/* End PBXSourcesBuildPhase section */

/* Begin PBXVariantGroup section */
		5143DBE81DA0DF7F0055BE3E /* Main.storyboard */ = {
			isa = PBXVariantGroup;
			children = (
				5143DBE91DA0DF7F0055BE3E /* Base */,
			);
			name = Main.storyboard;
			sourceTree = "<group>";
		};
		5143DBED1DA0DF7F0055BE3E /* LaunchScreen.storyboard */ = {
			isa = PBXVariantGroup;
			children = (
				5143DBEE1DA0DF7F0055BE3E /* Base */,
			);
			name = LaunchScreen.storyboard;
			sourceTree = "<group>";
		};
/* End PBXVariantGroup section */

/* Begin XCBuildConfiguration section */
		5143DBF11DA0DF7F0055BE3E /* Debug */ = {
			isa = XCBuildConfiguration;
			buildSettings = {
				ALWAYS_SEARCH_USER_PATHS = NO;
				CLANG_ANALYZER_NONNULL = YES;
				CLANG_CXX_LANGUAGE_STANDARD = "gnu++0x";
				CLANG_CXX_LIBRARY = "libc++";
				CLANG_ENABLE_MODULES = YES;
				CLANG_ENABLE_OBJC_ARC = YES;
				CLANG_WARN_BOOL_CONVERSION = YES;
				CLANG_WARN_CONSTANT_CONVERSION = YES;
				CLANG_WARN_DIRECT_OBJC_ISA_USAGE = YES_ERROR;
				CLANG_WARN_DOCUMENTATION_COMMENTS = YES;
				CLANG_WARN_EMPTY_BODY = YES;
				CLANG_WARN_ENUM_CONVERSION = YES;
				CLANG_WARN_INFINITE_RECURSION = YES;
				CLANG_WARN_INT_CONVERSION = YES;
				CLANG_WARN_OBJC_ROOT_CLASS = YES_ERROR;
				CLANG_WARN_SUSPICIOUS_MOVES = YES;
				CLANG_WARN_UNREACHABLE_CODE = YES;
				CLANG_WARN__DUPLICATE_METHOD_MATCH = YES;
				"CODE_SIGN_IDENTITY[sdk=iphoneos*]" = "iPhone Developer";
				COPY_PHASE_STRIP = NO;
				DEBUG_INFORMATION_FORMAT = dwarf;
				ENABLE_STRICT_OBJC_MSGSEND = YES;
				ENABLE_TESTABILITY = YES;
				GCC_C_LANGUAGE_STANDARD = gnu99;
				GCC_DYNAMIC_NO_PIC = NO;
				GCC_NO_COMMON_BLOCKS = YES;
				GCC_OPTIMIZATION_LEVEL = 0;
				GCC_PREPROCESSOR_DEFINITIONS = (
					"DEBUG=1",
					"$(inherited)",
				);
				GCC_WARN_64_TO_32_BIT_CONVERSION = YES;
				GCC_WARN_ABOUT_RETURN_TYPE = YES_ERROR;
				GCC_WARN_UNDECLARED_SELECTOR = YES;
				GCC_WARN_UNINITIALIZED_AUTOS = YES_AGGRESSIVE;
				GCC_WARN_UNUSED_FUNCTION = YES;
				GCC_WARN_UNUSED_VARIABLE = YES;
				IPHONEOS_DEPLOYMENT_TARGET = 10.1;
				MTL_ENABLE_DEBUG_INFO = YES;
				ONLY_ACTIVE_ARCH = YES;
				SDKROOT = iphoneos;
				SWIFT_ACTIVE_COMPILATION_CONDITIONS = DEBUG;
				SWIFT_OPTIMIZATION_LEVEL = "-Onone";
				TARGETED_DEVICE_FAMILY = "1,2";
			};
			name = Debug;
		};
		5143DBF21DA0DF7F0055BE3E /* Release */ = {
			isa = XCBuildConfiguration;
			buildSettings = {
				ALWAYS_SEARCH_USER_PATHS = NO;
				CLANG_ANALYZER_NONNULL = YES;
				CLANG_CXX_LANGUAGE_STANDARD = "gnu++0x";
				CLANG_CXX_LIBRARY = "libc++";
				CLANG_ENABLE_MODULES = YES;
				CLANG_ENABLE_OBJC_ARC = YES;
				CLANG_WARN_BOOL_CONVERSION = YES;
				CLANG_WARN_CONSTANT_CONVERSION = YES;
				CLANG_WARN_DIRECT_OBJC_ISA_USAGE = YES_ERROR;
				CLANG_WARN_DOCUMENTATION_COMMENTS = YES;
				CLANG_WARN_EMPTY_BODY = YES;
				CLANG_WARN_ENUM_CONVERSION = YES;
				CLANG_WARN_INFINITE_RECURSION = YES;
				CLANG_WARN_INT_CONVERSION = YES;
				CLANG_WARN_OBJC_ROOT_CLASS = YES_ERROR;
				CLANG_WARN_SUSPICIOUS_MOVES = YES;
				CLANG_WARN_UNREACHABLE_CODE = YES;
				CLANG_WARN__DUPLICATE_METHOD_MATCH = YES;
				"CODE_SIGN_IDENTITY[sdk=iphoneos*]" = "iPhone Developer";
				COPY_PHASE_STRIP = NO;
				DEBUG_INFORMATION_FORMAT = "dwarf-with-dsym";
				ENABLE_NS_ASSERTIONS = NO;
				ENABLE_STRICT_OBJC_MSGSEND = YES;
				GCC_C_LANGUAGE_STANDARD = gnu99;
				GCC_NO_COMMON_BLOCKS = YES;
				GCC_WARN_64_TO_32_BIT_CONVERSION = YES;
				GCC_WARN_ABOUT_RETURN_TYPE = YES_ERROR;
				GCC_WARN_UNDECLARED_SELECTOR = YES;
				GCC_WARN_UNINITIALIZED_AUTOS = YES_AGGRESSIVE;
				GCC_WARN_UNUSED_FUNCTION = YES;
				GCC_WARN_UNUSED_VARIABLE = YES;
				IPHONEOS_DEPLOYMENT_TARGET = 10.1;
				MTL_ENABLE_DEBUG_INFO = NO;
				SDKROOT = iphoneos;
				SWIFT_OPTIMIZATION_LEVEL = "-Owholemodule";
				TARGETED_DEVICE_FAMILY = "1,2";
				VALIDATE_PRODUCT = YES;
			};
			name = Release;
		};
		5143DBF41DA0DF7F0055BE3E /* Debug */ = {
			isa = XCBuildConfiguration;
			buildSettings = {
				ASSETCATALOG_COMPILER_APPICON_NAME = AppIcon;
				INFOPLIST_FILE = WeiboSwift/Info.plist;
				LD_RUNPATH_SEARCH_PATHS = "$(inherited) @executable_path/Frameworks";
				PRODUCT_BUNDLE_IDENTIFIER = com.fl.WeiboSwift;
				PRODUCT_NAME = "$(TARGET_NAME)";
				SWIFT_VERSION = 3.0;
			};
			name = Debug;
		};
		5143DBF51DA0DF7F0055BE3E /* Release */ = {
			isa = XCBuildConfiguration;
			buildSettings = {
				ASSETCATALOG_COMPILER_APPICON_NAME = AppIcon;
				INFOPLIST_FILE = WeiboSwift/Info.plist;
				LD_RUNPATH_SEARCH_PATHS = "$(inherited) @executable_path/Frameworks";
				PRODUCT_BUNDLE_IDENTIFIER = com.fl.WeiboSwift;
				PRODUCT_NAME = "$(TARGET_NAME)";
				SWIFT_VERSION = 3.0;
			};
			name = Release;
		};
/* End XCBuildConfiguration section */

/* Begin XCConfigurationList section */
		5143DBDC1DA0DF7F0055BE3E /* Build configuration list for PBXProject "WeiboSwift" */ = {
			isa = XCConfigurationList;
			buildConfigurations = (
				5143DBF11DA0DF7F0055BE3E /* Debug */,
				5143DBF21DA0DF7F0055BE3E /* Release */,
			);
			defaultConfigurationIsVisible = 0;
			defaultConfigurationName = Release;
		};
		5143DBF31DA0DF7F0055BE3E /* Build configuration list for PBXNativeTarget "WeiboSwift" */ = {
			isa = XCConfigurationList;
			buildConfigurations = (
				5143DBF41DA0DF7F0055BE3E /* Debug */,
				5143DBF51DA0DF7F0055BE3E /* Release */,
			);
			defaultConfigurationIsVisible = 0;
		};
/* End XCConfigurationList section */
	};
	rootObject = 5143DBD91DA0DF7F0055BE3E /* Project object */;
}
